
Microsoft Visual Studio Solution File, Format Version 12.00
# Visual Studio Version 17
VisualStudioVersion = 17.6.33815.320
MinimumVisualStudioVersion = 10.0.40219.1
Project("{FAE04EC0-301F-11D3-BF4B-00C04F79EFBC}") = "UsuariosApi", "UsuariosApi.csproj", "{588AF77B-FF9A-45D2-BA7A-80E67F0EBF98}"
EndProject
Global
	GlobalSection(SolutionConfigurationPlatforms) = preSolution
		Debug|Any CPU = Debug|Any CPU
		Release|Any CPU = Release|Any CPU
	EndGlobalSection
	GlobalSection(ProjectConfigurationPlatforms) = postSolution
		{588AF77B-FF9A-45D2-BA7A-80E67F0EBF98}.Debug|Any CPU.ActiveCfg = Debug|Any CPU
		{588AF77B-FF9A-45D2-BA7A-80E67F0EBF98}.Debug|Any CPU.Build.0 = Debug|Any CPU
		{588AF77B-FF9A-45D2-BA7A-80E67F0EBF98}.Release|Any CPU.ActiveCfg = Release|Any CPU
		{588AF77B-FF9A-45D2-BA7A-80E67F0EBF98}.Release|Any CPU.Build.0 = Release|Any CPU
	EndGlobalSection
	GlobalSection(SolutionProperties) = preSolution
		HideSolutionNode = FALSE
	EndGlobalSection
	GlobalSection(ExtensibilityGlobals) = postSolution
		SolutionGuid = {2FC9B476-1F3C-4FEF-9C41-B696C59ADE7E}
	EndGlobalSection
EndGlobal
